
Microsoft Visual Studio Solution File, Format Version 12.00
# Visual Studio 15
VisualStudioVersion = 15.0.27130.2027
MinimumVisualStudioVersion = 10.0.40219.1
Project("{FAE04EC0-301F-11D3-BF4B-00C04F79EFBC}") = "TestPetaPoco", "TestPetaPoco\TestPetaPoco.csproj", "{01B87359-3875-485C-9B03-F2051EB217F4}"
EndProject
Project("{FAE04EC0-301F-11D3-BF4B-00C04F79EFBC}") = "TestPetaPoco.Data", "TestPetaPoco.Data\TestPetaPoco.Data.csproj", "{4C4E547D-95EE-4E75-88A1-9575582D8566}"
EndProject
Project("{FAE04EC0-301F-11D3-BF4B-00C04F79EFBC}") = "TestPetaPoco.ViewModel", "TestPetaPoco.ViewModel\TestPetaPoco.ViewModel.csproj", "{628350A8-1475-4458-A736-194A5CFA5C31}"
EndProject
Global
	GlobalSection(SolutionConfigurationPlatforms) = preSolution
		Debug|Any CPU = Debug|Any CPU
		Release|Any CPU = Release|Any CPU
	EndGlobalSection
	GlobalSection(ProjectConfigurationPlatforms) = postSolution
		{01B87359-3875-485C-9B03-F2051EB217F4}.Debug|Any CPU.ActiveCfg = Debug|Any CPU
		{01B87359-3875-485C-9B03-F2051EB217F4}.Debug|Any CPU.Build.0 = Debug|Any CPU
		{01B87359-3875-485C-9B03-F2051EB217F4}.Release|Any CPU.ActiveCfg = Release|Any CPU
		{01B87359-3875-485C-9B03-F2051EB217F4}.Release|Any CPU.Build.0 = Release|Any CPU
		{4C4E547D-95EE-4E75-88A1-9575582D8566}.Debug|Any CPU.ActiveCfg = Debug|Any CPU
		{4C4E547D-95EE-4E75-88A1-9575582D8566}.Debug|Any CPU.Build.0 = Debug|Any CPU
		{4C4E547D-95EE-4E75-88A1-9575582D8566}.Release|Any CPU.ActiveCfg = Release|Any CPU
		{4C4E547D-95EE-4E75-88A1-9575582D8566}.Release|Any CPU.Build.0 = Release|Any CPU
		{628350A8-1475-4458-A736-194A5CFA5C31}.Debug|Any CPU.ActiveCfg = Debug|Any CPU
		{628350A8-1475-4458-A736-194A5CFA5C31}.Debug|Any CPU.Build.0 = Debug|Any CPU
		{628350A8-1475-4458-A736-194A5CFA5C31}.Release|Any CPU.ActiveCfg = Release|Any CPU
		{628350A8-1475-4458-A736-194A5CFA5C31}.Release|Any CPU.Build.0 = Release|Any CPU
	EndGlobalSection
	GlobalSection(SolutionProperties) = preSolution
		HideSolutionNode = FALSE
	EndGlobalSection
	GlobalSection(ExtensibilityGlobals) = postSolution
		SolutionGuid = {42CFCA7E-F1E3-412A-AC32-5EB3BBFA3398}
	EndGlobalSection
EndGlobal
